
Microsoft Visual Studio Solution File, Format Version 12.00
# Visual Studio Version 17
VisualStudioVersion = 17.8.34330.188
MinimumVisualStudioVersion = 10.0.40219.1
Project("{FAE04EC0-301F-11D3-BF4B-00C04F79EFBC}") = "Setul 1 ex 1", "Setul 1 ex 1.csproj", "{74DFF4A4-732E-49E5-A6F6-DA80575626FD}"
EndProject
Project("{FAE04EC0-301F-11D3-BF4B-00C04F79EFBC}") = "Setul 1 ex 2", "..\Setul 1 ex 2\Setul 1 ex 2.csproj", "{97D6FF6A-3BF0-4E4B-A8AF-2629ACF5AF72}"
EndProject
Project("{FAE04EC0-301F-11D3-BF4B-00C04F79EFBC}") = "Setul 1 ex. 2", "..\Setul 1 ex. 2\Setul 1 ex. 2.csproj", "{1185FD8D-0CF4-4033-93EA-91F4547B8D6F}"
EndProject
Global
	GlobalSection(SolutionConfigurationPlatforms) = preSolution
		Debug|Any CPU = Debug|Any CPU
		Release|Any CPU = Release|Any CPU
	EndGlobalSection
	GlobalSection(ProjectConfigurationPlatforms) = postSolution
		{74DFF4A4-732E-49E5-A6F6-DA80575626FD}.Debug|Any CPU.ActiveCfg = Debug|Any CPU
		{74DFF4A4-732E-49E5-A6F6-DA80575626FD}.Debug|Any CPU.Build.0 = Debug|Any CPU
		{74DFF4A4-732E-49E5-A6F6-DA80575626FD}.Release|Any CPU.ActiveCfg = Release|Any CPU
		{74DFF4A4-732E-49E5-A6F6-DA80575626FD}.Release|Any CPU.Build.0 = Release|Any CPU
		{97D6FF6A-3BF0-4E4B-A8AF-2629ACF5AF72}.Debug|Any CPU.ActiveCfg = Debug|Any CPU
		{97D6FF6A-3BF0-4E4B-A8AF-2629ACF5AF72}.Debug|Any CPU.Build.0 = Debug|Any CPU
		{97D6FF6A-3BF0-4E4B-A8AF-2629ACF5AF72}.Release|Any CPU.ActiveCfg = Release|Any CPU
		{97D6FF6A-3BF0-4E4B-A8AF-2629ACF5AF72}.Release|Any CPU.Build.0 = Release|Any CPU
		{1185FD8D-0CF4-4033-93EA-91F4547B8D6F}.Debug|Any CPU.ActiveCfg = Debug|Any CPU
		{1185FD8D-0CF4-4033-93EA-91F4547B8D6F}.Debug|Any CPU.Build.0 = Debug|Any CPU
		{1185FD8D-0CF4-4033-93EA-91F4547B8D6F}.Release|Any CPU.ActiveCfg = Release|Any CPU
		{1185FD8D-0CF4-4033-93EA-91F4547B8D6F}.Release|Any CPU.Build.0 = Release|Any CPU
	EndGlobalSection
	GlobalSection(SolutionProperties) = preSolution
		HideSolutionNode = FALSE
	EndGlobalSection
	GlobalSection(ExtensibilityGlobals) = postSolution
		SolutionGuid = {2A61E991-D25A-4F56-A4EF-EB2BCB6A51F5}
	EndGlobalSection
EndGlobal
